
Microsoft Visual Studio Solution File, Format Version 12.00
Project("{FAE04EC0-301F-11D3-BF4B-00C04F79EFBC}") = "WebApplication", "WebApplication.csproj", "{ABA34A9A-0CB2-417A-9025-B20D5A011508}"
EndProject
Global
	GlobalSection(SolutionConfigurationPlatforms) = preSolution
		Debug|Any CPU = Debug|Any CPU
		Release|Any CPU = Release|Any CPU
	EndGlobalSection
	GlobalSection(ProjectConfigurationPlatforms) = postSolution
		{ABA34A9A-0CB2-417A-9025-B20D5A011508}.Debug|Any CPU.ActiveCfg = Debug|Any CPU
		{ABA34A9A-0CB2-417A-9025-B20D5A011508}.Debug|Any CPU.Build.0 = Debug|Any CPU
		{ABA34A9A-0CB2-417A-9025-B20D5A011508}.Release|Any CPU.ActiveCfg = Release|Any CPU
		{ABA34A9A-0CB2-417A-9025-B20D5A011508}.Release|Any CPU.Build.0 = Release|Any CPU
	EndGlobalSection
EndGlobal
